// !$*UTF8*$!
{
	archiveVersion = 1;
	classes = {
	};
	objectVersion = 56;
	objects = {

/* Begin PBXBuildFile section */
		594D75822B3B3372001BB29D /* ImagePicker.swift in Sources */ = {isa = PBXBuildFile; fileRef = 594D75812B3B3372001BB29D /* ImagePicker.swift */; };
		594D75852B3B4239001BB29D /* FirebaseFirestore in Frameworks */ = {isa = PBXBuildFile; productRef = 594D75842B3B4239001BB29D /* FirebaseFirestore */; };
		594D75872B3B4239001BB29D /* FirebaseStorage in Frameworks */ = {isa = PBXBuildFile; productRef = 594D75862B3B4239001BB29D /* FirebaseStorage */; };
		59AA0A052B3B192000061997 /* PushAPIApp.swift in Sources */ = {isa = PBXBuildFile; fileRef = 59AA0A042B3B192000061997 /* PushAPIApp.swift */; };
		59AA0A072B3B192000061997 /* ContentView.swift in Sources */ = {isa = PBXBuildFile; fileRef = 59AA0A062B3B192000061997 /* ContentView.swift */; };
		59AA0A092B3B192200061997 /* Assets.xcassets in Resources */ = {isa = PBXBuildFile; fileRef = 59AA0A082B3B192200061997 /* Assets.xcassets */; };
		59AA0A0C2B3B192200061997 /* Preview Assets.xcassets in Resources */ = {isa = PBXBuildFile; fileRef = 59AA0A0B2B3B192200061997 /* Preview Assets.xcassets */; };
		59AA0A132B3B1A8800061997 /* GoogleService-Info.plist in Resources */ = {isa = PBXBuildFile; fileRef = 59AA0A122B3B1A8800061997 /* GoogleService-Info.plist */; };
		59C2C1172B3BCB7300063B9C /* EditView.swift in Sources */ = {isa = PBXBuildFile; fileRef = 59C2C1162B3BCB7300063B9C /* EditView.swift */; };
		59C2C1192B3BE96D00063B9C /* FirebaseFirestoreSwift in Frameworks */ = {isa = PBXBuildFile; productRef = 59C2C1182B3BE96D00063B9C /* FirebaseFirestoreSwift */; };
/* End PBXBuildFile section */

/* Begin PBXFileReference section */
		594D75812B3B3372001BB29D /* ImagePicker.swift */ = {isa = PBXFileReference; lastKnownFileType = sourcecode.swift; path = ImagePicker.swift; sourceTree = "<group>"; };
		59AA0A012B3B192000061997 /* PushAPI.app */ = {isa = PBXFileReference; explicitFileType = wrapper.application; includeInIndex = 0; path = PushAPI.app; sourceTree = BUILT_PRODUCTS_DIR; };
		59AA0A042B3B192000061997 /* PushAPIApp.swift */ = {isa = PBXFileReference; lastKnownFileType = sourcecode.swift; path = PushAPIApp.swift; sourceTree = "<group>"; };
		59AA0A062B3B192000061997 /* ContentView.swift */ = {isa = PBXFileReference; lastKnownFileType = sourcecode.swift; path = ContentView.swift; sourceTree = "<group>"; };
		59AA0A082B3B192200061997 /* Assets.xcassets */ = {isa = PBXFileReference; lastKnownFileType = folder.assetcatalog; path = Assets.xcassets; sourceTree = "<group>"; };
		59AA0A0B2B3B192200061997 /* Preview Assets.xcassets */ = {isa = PBXFileReference; lastKnownFileType = folder.assetcatalog; path = "Preview Assets.xcassets"; sourceTree = "<group>"; };
		59AA0A122B3B1A8800061997 /* GoogleService-Info.plist */ = {isa = PBXFileReference; fileEncoding = 4; lastKnownFileType = text.plist.xml; path = "GoogleService-Info.plist"; sourceTree = "<group>"; };
		59C2C1162B3BCB7300063B9C /* EditView.swift */ = {isa = PBXFileReference; lastKnownFileType = sourcecode.swift; path = EditView.swift; sourceTree = "<group>"; };
		59C2C11A2B3C4BFB00063B9C /* Info.plist */ = {isa = PBXFileReference; lastKnownFileType = text.plist; path = Info.plist; sourceTree = "<group>"; };
/* End PBXFileReference section */

/* Begin PBXFrameworksBuildPhase section */
		59AA09FE2B3B192000061997 /* Frameworks */ = {
			isa = PBXFrameworksBuildPhase;
			buildActionMask = 2147483647;
			files = (
				594D75852B3B4239001BB29D /* FirebaseFirestore in Frameworks */,
				594D75872B3B4239001BB29D /* FirebaseStorage in Frameworks */,
				59C2C1192B3BE96D00063B9C /* FirebaseFirestoreSwift in Frameworks */,
			);
			runOnlyForDeploymentPostprocessing = 0;
		};
/* End PBXFrameworksBuildPhase section */

/* Begin PBXGroup section */
		594D757D2B3B23FC001BB29D /* Firestore */ = {
			isa = PBXGroup;
			children = (
			);
			path = Firestore;
			sourceTree = "<group>";
		};
		594D757E2B3B32E2001BB29D /* Frameworks */ = {
			isa = PBXGroup;
			children = (
			);
			name = Frameworks;
			sourceTree = "<group>";
		};
		59AA09F82B3B192000061997 = {
			isa = PBXGroup;
			children = (
				59AA0A032B3B192000061997 /* PushAPI */,
				59AA0A022B3B192000061997 /* Products */,
				594D757E2B3B32E2001BB29D /* Frameworks */,
			);
			sourceTree = "<group>";
		};
		59AA0A022B3B192000061997 /* Products */ = {
			isa = PBXGroup;
			children = (
				59AA0A012B3B192000061997 /* PushAPI.app */,
			);
			name = Products;
			sourceTree = "<group>";
		};
		59AA0A032B3B192000061997 /* PushAPI */ = {
			isa = PBXGroup;
			children = (
				59C2C11A2B3C4BFB00063B9C /* Info.plist */,
				594D757D2B3B23FC001BB29D /* Firestore */,
				59AA0A042B3B192000061997 /* PushAPIApp.swift */,
				59AA0A062B3B192000061997 /* ContentView.swift */,
				59AA0A122B3B1A8800061997 /* GoogleService-Info.plist */,
				59AA0A082B3B192200061997 /* Assets.xcassets */,
				59AA0A0A2B3B192200061997 /* Preview Content */,
				594D75812B3B3372001BB29D /* ImagePicker.swift */,
				59C2C1162B3BCB7300063B9C /* EditView.swift */,
			);
			path = PushAPI;
			sourceTree = "<group>";
		};
		59AA0A0A2B3B192200061997 /* Preview Content */ = {
			isa = PBXGroup;
			children = (
				59AA0A0B2B3B192200061997 /* Preview Assets.xcassets */,
			);
			path = "Preview Content";
			sourceTree = "<group>";
		};
/* End PBXGroup section */

/* Begin PBXNativeTarget section */
		59AA0A002B3B192000061997 /* PushAPI */ = {
			isa = PBXNativeTarget;
			buildConfigurationList = 59AA0A0F2B3B192200061997 /* Build configuration list for PBXNativeTarget "PushAPI" */;
			buildPhases = (
				59AA09FD2B3B192000061997 /* Sources */,
				59AA09FE2B3B192000061997 /* Frameworks */,
				59AA09FF2B3B192000061997 /* Resources */,
			);
			buildRules = (
			);
			dependencies = (
			);
			name = PushAPI;
			packageProductDependencies = (
				594D75842B3B4239001BB29D /* FirebaseFirestore */,
				594D75862B3B4239001BB29D /* FirebaseStorage */,
				59C2C1182B3BE96D00063B9C /* FirebaseFirestoreSwift */,
			);
			productName = PushAPI;
			productReference = 59AA0A012B3B192000061997 /* PushAPI.app */;
			productType = "com.apple.product-type.application";
		};
/* End PBXNativeTarget section */

/* Begin PBXProject section */
		59AA09F92B3B192000061997 /* Project object */ = {
			isa = PBXProject;
			attributes = {
				BuildIndependentTargetsInParallel = 1;
				LastSwiftUpdateCheck = 1420;
				LastUpgradeCheck = 1420;
				TargetAttributes = {
					59AA0A002B3B192000061997 = {
						CreatedOnToolsVersion = 14.2;
					};
				};
			};
			buildConfigurationList = 59AA09FC2B3B192000061997 /* Build configuration list for PBXProject "PushAPI" */;
			compatibilityVersion = "Xcode 14.0";
			developmentRegion = en;
			hasScannedForEncodings = 0;
			knownRegions = (
				en,
				Base,
			);
			mainGroup = 59AA09F82B3B192000061997;
			packageReferences = (
				594D75832B3B4239001BB29D /* XCRemoteSwiftPackageReference "firebase-ios-sdk" */,
			);
			productRefGroup = 59AA0A022B3B192000061997 /* Products */;
			projectDirPath = "";
			projectRoot = "";
			targets = (
				59AA0A002B3B192000061997 /* PushAPI */,
			);
		};
/* End PBXProject section */

/* Begin PBXResourcesBuildPhase section */
		59AA09FF2B3B192000061997 /* Resources */ = {
			isa = PBXResourcesBuildPhase;
			buildActionMask = 2147483647;
			files = (
				59AA0A0C2B3B192200061997 /* Preview Assets.xcassets in Resources */,
				59AA0A092B3B192200061997 /* Assets.xcassets in Resources */,
				59AA0A132B3B1A8800061997 /* GoogleService-Info.plist in Resources */,
			);
			runOnlyForDeploymentPostprocessing = 0;
		};
/* End PBXResourcesBuildPhase section */

/* Begin PBXSourcesBuildPhase section */
		59AA09FD2B3B192000061997 /* Sources */ = {
			isa = PBXSourcesBuildPhase;
			buildActionMask = 2147483647;
			files = (
				594D75822B3B3372001BB29D /* ImagePicker.swift in Sources */,
				59AA0A072B3B192000061997 /* ContentView.swift in Sources */,
				59C2C1172B3BCB7300063B9C /* EditView.swift in Sources */,
				59AA0A052B3B192000061997 /* PushAPIApp.swift in Sources */,
			);
			runOnlyForDeploymentPostprocessing = 0;
		};
/* End PBXSourcesBuildPhase section */

/* Begin XCBuildConfiguration section */
		59AA0A0D2B3B192200061997 /* Debug */ = {
			isa = XCBuildConfiguration;
			buildSettings = {
				ALWAYS_SEARCH_USER_PATHS = NO;
				CLANG_ANALYZER_NONNULL = YES;
				CLANG_ANALYZER_NUMBER_OBJECT_CONVERSION = YES_AGGRESSIVE;
				CLANG_CXX_LANGUAGE_STANDARD = "gnu++20";
				CLANG_ENABLE_MODULES = YES;
				CLANG_ENABLE_OBJC_ARC = YES;
				CLANG_ENABLE_OBJC_WEAK = YES;
				CLANG_WARN_BLOCK_CAPTURE_AUTORELEASING = YES;
				CLANG_WARN_BOOL_CONVERSION = YES;
				CLANG_WARN_COMMA = YES;
				CLANG_WARN_CONSTANT_CONVERSION = YES;
				CLANG_WARN_DEPRECATED_OBJC_IMPLEMENTATIONS = YES;
				CLANG_WARN_DIRECT_OBJC_ISA_USAGE = YES_ERROR;
				CLANG_WARN_DOCUMENTATION_COMMENTS = YES;
				CLANG_WARN_EMPTY_BODY = YES;
				CLANG_WARN_ENUM_CONVERSION = YES;
				CLANG_WARN_INFINITE_RECURSION = YES;
				CLANG_WARN_INT_CONVERSION = YES;
				CLANG_WARN_NON_LITERAL_NULL_CONVERSION = YES;
				CLANG_WARN_OBJC_IMPLICIT_RETAIN_SELF = YES;
				CLANG_WARN_OBJC_LITERAL_CONVERSION = YES;
				CLANG_WARN_OBJC_ROOT_CLASS = YES_ERROR;
				CLANG_WARN_QUOTED_INCLUDE_IN_FRAMEWORK_HEADER = YES;
				CLANG_WARN_RANGE_LOOP_ANALYSIS = YES;
				CLANG_WARN_STRICT_PROTOTYPES = YES;
				CLANG_WARN_SUSPICIOUS_MOVE = YES;
				CLANG_WARN_UNGUARDED_AVAILABILITY = YES_AGGRESSIVE;
				CLANG_WARN_UNREACHABLE_CODE = YES;
				CLANG_WARN__DUPLICATE_METHOD_MATCH = YES;
				COPY_PHASE_STRIP = NO;
				DEBUG_INFORMATION_FORMAT = dwarf;
				ENABLE_STRICT_OBJC_MSGSEND = YES;
				ENABLE_TESTABILITY = YES;
				GCC_C_LANGUAGE_STANDARD = gnu11;
				GCC_DYNAMIC_NO_PIC = NO;
				GCC_NO_COMMON_BLOCKS = YES;
				GCC_OPTIMIZATION_LEVEL = 0;
				GCC_PREPROCESSOR_DEFINITIONS = (
					"DEBUG=1",
					"$(inherited)",
				);
				GCC_WARN_64_TO_32_BIT_CONVERSION = YES;
				GCC_WARN_ABOUT_RETURN_TYPE = YES_ERROR;
				GCC_WARN_UNDECLARED_SELECTOR = YES;
				GCC_WARN_UNINITIALIZED_AUTOS = YES_AGGRESSIVE;
				GCC_WARN_UNUSED_FUNCTION = YES;
				GCC_WARN_UNUSED_VARIABLE = YES;
				IPHONEOS_DEPLOYMENT_TARGET = 16.2;
				MTL_ENABLE_DEBUG_INFO = INCLUDE_SOURCE;
				MTL_FAST_MATH = YES;
				ONLY_ACTIVE_ARCH = YES;
				SDKROOT = iphoneos;
				SWIFT_ACTIVE_COMPILATION_CONDITIONS = DEBUG;
				SWIFT_OPTIMIZATION_LEVEL = "-Onone";
			};
			name = Debug;
		};
		59AA0A0E2B3B192200061997 /* Release */ = {
			isa = XCBuildConfiguration;
			buildSettings = {
				ALWAYS_SEARCH_USER_PATHS = NO;
				CLANG_ANALYZER_NONNULL = YES;
				CLANG_ANALYZER_NUMBER_OBJECT_CONVERSION = YES_AGGRESSIVE;
				CLANG_CXX_LANGUAGE_STANDARD = "gnu++20";
				CLANG_ENABLE_MODULES = YES;
				CLANG_ENABLE_OBJC_ARC = YES;
				CLANG_ENABLE_OBJC_WEAK = YES;
				CLANG_WARN_BLOCK_CAPTURE_AUTORELEASING = YES;
				CLANG_WARN_BOOL_CONVERSION = YES;
				CLANG_WARN_COMMA = YES;
				CLANG_WARN_CONSTANT_CONVERSION = YES;
				CLANG_WARN_DEPRECATED_OBJC_IMPLEMENTATIONS = YES;
				CLANG_WARN_DIRECT_OBJC_ISA_USAGE = YES_ERROR;
				CLANG_WARN_DOCUMENTATION_COMMENTS = YES;
				CLANG_WARN_EMPTY_BODY = YES;
				CLANG_WARN_ENUM_CONVERSION = YES;
				CLANG_WARN_INFINITE_RECURSION = YES;
				CLANG_WARN_INT_CONVERSION = YES;
				CLANG_WARN_NON_LITERAL_NULL_CONVERSION = YES;
				CLANG_WARN_OBJC_IMPLICIT_RETAIN_SELF = YES;
				CLANG_WARN_OBJC_LITERAL_CONVERSION = YES;
				CLANG_WARN_OBJC_ROOT_CLASS = YES_ERROR;
				CLANG_WARN_QUOTED_INCLUDE_IN_FRAMEWORK_HEADER = YES;
				CLANG_WARN_RANGE_LOOP_ANALYSIS = YES;
				CLANG_WARN_STRICT_PROTOTYPES = YES;
				CLANG_WARN_SUSPICIOUS_MOVE = YES;
				CLANG_WARN_UNGUARDED_AVAILABILITY = YES_AGGRESSIVE;
				CLANG_WARN_UNREACHABLE_CODE = YES;
				CLANG_WARN__DUPLICATE_METHOD_MATCH = YES;
				COPY_PHASE_STRIP = NO;
				DEBUG_INFORMATION_FORMAT = "dwarf-with-dsym";
				ENABLE_NS_ASSERTIONS = NO;
				ENABLE_STRICT_OBJC_MSGSEND = YES;
				GCC_C_LANGUAGE_STANDARD = gnu11;
				GCC_NO_COMMON_BLOCKS = YES;
				GCC_WARN_64_TO_32_BIT_CONVERSION = YES;
				GCC_WARN_ABOUT_RETURN_TYPE = YES_ERROR;
				GCC_WARN_UNDECLARED_SELECTOR = YES;
				GCC_WARN_UNINITIALIZED_AUTOS = YES_AGGRESSIVE;
				GCC_WARN_UNUSED_FUNCTION = YES;
				GCC_WARN_UNUSED_VARIABLE = YES;
				IPHONEOS_DEPLOYMENT_TARGET = 16.2;
				MTL_ENABLE_DEBUG_INFO = NO;
				MTL_FAST_MATH = YES;
				SDKROOT = iphoneos;
				SWIFT_COMPILATION_MODE = wholemodule;
				SWIFT_OPTIMIZATION_LEVEL = "-O";
				VALIDATE_PRODUCT = YES;
			};
			name = Release;
		};
		59AA0A102B3B192200061997 /* Debug */ = {
			isa = XCBuildConfiguration;
			buildSettings = {
				ASSETCATALOG_COMPILER_APPICON_NAME = AppIcon;
				ASSETCATALOG_COMPILER_GLOBAL_ACCENT_COLOR_NAME = AccentColor;
				CODE_SIGN_STYLE = Automatic;
				CURRENT_PROJECT_VERSION = 1;
				DEVELOPMENT_ASSET_PATHS = "\"PushAPI/Preview Content\"";
				DEVELOPMENT_TEAM = 56J3FHBFA2;
				ENABLE_PREVIEWS = YES;
				GENERATE_INFOPLIST_FILE = YES;
				INFOPLIST_FILE = PushAPI/Info.plist;
				INFOPLIST_KEY_CFBundleDisplayName = "Hackstore Push";
				INFOPLIST_KEY_LSSupportsOpeningDocumentsInPlace = YES;
				INFOPLIST_KEY_UIApplicationSceneManifest_Generation = YES;
				INFOPLIST_KEY_UIApplicationSupportsIndirectInputEvents = YES;
				INFOPLIST_KEY_UILaunchScreen_Generation = YES;
				INFOPLIST_KEY_UISupportedInterfaceOrientations_iPad = "UIInterfaceOrientationPortrait UIInterfaceOrientationPortraitUpsideDown UIInterfaceOrientationLandscapeLeft UIInterfaceOrientationLandscapeRight";
				INFOPLIST_KEY_UISupportedInterfaceOrientations_iPhone = "UIInterfaceOrientationPortrait UIInterfaceOrientationLandscapeLeft UIInterfaceOrientationLandscapeRight";
				IPHONEOS_DEPLOYMENT_TARGET = 15.0;
				LD_RUNPATH_SEARCH_PATHS = (
					"$(inherited)",
					"@executable_path/Frameworks",
				);
				MARKETING_VERSION = 1.1.2;
				PRODUCT_BUNDLE_IDENTIFIER = com.dunkeyyfong.PushAPI;
				PRODUCT_NAME = "$(TARGET_NAME)";
				SWIFT_EMIT_LOC_STRINGS = YES;
				SWIFT_VERSION = 5.0;
				TARGETED_DEVICE_FAMILY = "1,2";
			};
			name = Debug;
		};
		59AA0A112B3B192200061997 /* Release */ = {
			isa = XCBuildConfiguration;
			buildSettings = {
				ASSETCATALOG_COMPILER_APPICON_NAME = AppIcon;
				ASSETCATALOG_COMPILER_GLOBAL_ACCENT_COLOR_NAME = AccentColor;
				CODE_SIGN_STYLE = Automatic;
				CURRENT_PROJECT_VERSION = 1;
				DEVELOPMENT_ASSET_PATHS = "\"PushAPI/Preview Content\"";
				DEVELOPMENT_TEAM = 56J3FHBFA2;
				ENABLE_PREVIEWS = YES;
				GENERATE_INFOPLIST_FILE = YES;
				INFOPLIST_FILE = PushAPI/Info.plist;
				INFOPLIST_KEY_CFBundleDisplayName = "Hackstore Push";
				INFOPLIST_KEY_LSSupportsOpeningDocumentsInPlace = YES;
				INFOPLIST_KEY_UIApplicationSceneManifest_Generation = YES;
				INFOPLIST_KEY_UIApplicationSupportsIndirectInputEvents = YES;
				INFOPLIST_KEY_UILaunchScreen_Generation = YES;
				INFOPLIST_KEY_UISupportedInterfaceOrientations_iPad = "UIInterfaceOrientationPortrait UIInterfaceOrientationPortraitUpsideDown UIInterfaceOrientationLandscapeLeft UIInterfaceOrientationLandscapeRight";
				INFOPLIST_KEY_UISupportedInterfaceOrientations_iPhone = "UIInterfaceOrientationPortrait UIInterfaceOrientationLandscapeLeft UIInterfaceOrientationLandscapeRight";
				IPHONEOS_DEPLOYMENT_TARGET = 15.0;
				LD_RUNPATH_SEARCH_PATHS = (
					"$(inherited)",
					"@executable_path/Frameworks",
				);
				MARKETING_VERSION = 1.1.2;
				PRODUCT_BUNDLE_IDENTIFIER = com.dunkeyyfong.PushAPI;
				PRODUCT_NAME = "$(TARGET_NAME)";
				SWIFT_EMIT_LOC_STRINGS = YES;
				SWIFT_VERSION = 5.0;
				TARGETED_DEVICE_FAMILY = "1,2";
			};
			name = Release;
		};
/* End XCBuildConfiguration section */

/* Begin XCConfigurationList section */
		59AA09FC2B3B192000061997 /* Build configuration list for PBXProject "PushAPI" */ = {
			isa = XCConfigurationList;
			buildConfigurations = (
				59AA0A0D2B3B192200061997 /* Debug */,
				59AA0A0E2B3B192200061997 /* Release */,
			);
			defaultConfigurationIsVisible = 0;
			defaultConfigurationName = Release;
		};
		59AA0A0F2B3B192200061997 /* Build configuration list for PBXNativeTarget "PushAPI" */ = {
			isa = XCConfigurationList;
			buildConfigurations = (
				59AA0A102B3B192200061997 /* Debug */,
				59AA0A112B3B192200061997 /* Release */,
			);
			defaultConfigurationIsVisible = 0;
			defaultConfigurationName = Release;
		};
/* End XCConfigurationList section */

/* Begin XCRemoteSwiftPackageReference section */
		594D75832B3B4239001BB29D /* XCRemoteSwiftPackageReference "firebase-ios-sdk" */ = {
			isa = XCRemoteSwiftPackageReference;
			repositoryURL = "https://github.com/firebase/firebase-ios-sdk";
			requirement = {
				kind = upToNextMajorVersion;
				minimumVersion = 9.0.0;
			};
		};
/* End XCRemoteSwiftPackageReference section */

/* Begin XCSwiftPackageProductDependency section */
		594D75842B3B4239001BB29D /* FirebaseFirestore */ = {
			isa = XCSwiftPackageProductDependency;
			package = 594D75832B3B4239001BB29D /* XCRemoteSwiftPackageReference "firebase-ios-sdk" */;
			productName = FirebaseFirestore;
		};
		594D75862B3B4239001BB29D /* FirebaseStorage */ = {
			isa = XCSwiftPackageProductDependency;
			package = 594D75832B3B4239001BB29D /* XCRemoteSwiftPackageReference "firebase-ios-sdk" */;
			productName = FirebaseStorage;
		};
		59C2C1182B3BE96D00063B9C /* FirebaseFirestoreSwift */ = {
			isa = XCSwiftPackageProductDependency;
			package = 594D75832B3B4239001BB29D /* XCRemoteSwiftPackageReference "firebase-ios-sdk" */;
			productName = FirebaseFirestoreSwift;
		};
/* End XCSwiftPackageProductDependency section */
	};
	rootObject = 59AA09F92B3B192000061997 /* Project object */;
}
